
Microsoft Visual Studio Solution File, Format Version 12.00
# Visual Studio 15
VisualStudioVersion = 15.0.28307.329
MinimumVisualStudioVersion = 10.0.40219.1
Project("{FAE04EC0-301F-11D3-BF4B-00C04F79EFBC}") = "Shop.Common", "Shop.Common\Shop.Common.csproj", "{7A58A5D9-16F4-40FB-89CD-D022B06F1B29}"
EndProject
Project("{2150E333-8FDC-42A3-9474-1A3956D46DE8}") = "Backend", "Backend", "{7F87A634-10EE-46F9-8F94-1885805D46EA}"
EndProject
Project("{2150E333-8FDC-42A3-9474-1A3956D46DE8}") = "Frontend", "Frontend", "{DDAA260D-89B3-4AE6-BDA7-C18A3B1C4CC8}"
EndProject
Project("{FAE04EC0-301F-11D3-BF4B-00C04F79EFBC}") = "Shop.Web", "Shop.Web\Shop.Web.csproj", "{CBB95457-E019-487D-922F-B6EF9F23E864}"
EndProject
Project("{2150E333-8FDC-42A3-9474-1A3956D46DE8}") = "Forms", "Forms", "{F442BCE6-8B0F-41AB-AB1D-2496FD2B23EB}"
EndProject
Project("{2150E333-8FDC-42A3-9474-1A3956D46DE8}") = "Classc", "Classc", "{31D5F2A7-0F15-47B4-BCDF-6B4A9DB9CBC2}"
EndProject
Project("{FAE04EC0-301F-11D3-BF4B-00C04F79EFBC}") = "Shop.IUForms.Android", "Shop.IUForms\Shop.IUForms.Android\Shop.IUForms.Android.csproj", "{05350B75-E916-406F-B78C-1DBAF7E8D9F0}"
EndProject
Project("{FAE04EC0-301F-11D3-BF4B-00C04F79EFBC}") = "Shop.IUForms.iOS", "Shop.IUForms\Shop.IUForms.iOS\Shop.IUForms.iOS.csproj", "{F5C26D86-2D1C-4189-BCA4-7CDADBABCAFE}"
EndProject
Project("{FAE04EC0-301F-11D3-BF4B-00C04F79EFBC}") = "Shop.IUForms", "Shop.IUForms\Shop.IUForms\Shop.IUForms.csproj", "{07DA452F-4C4A-4D0F-842A-FBD4EE220635}"
EndProject
Project("{FAE04EC0-301F-11D3-BF4B-00C04F79EFBC}") = "Shop.UIClassic", "Shop.UIClassic\Shop.UIClassic.csproj", "{BB7E4CC4-09BA-4B77-B313-18DD6DCDC0B2}"
EndProject
Project("{FAE04EC0-301F-11D3-BF4B-00C04F79EFBC}") = "Shop.UIClassic.Android", "Shop.UIClassic.Android\Shop.UIClassic.Android.csproj", "{AD59FC40-EDC9-424F-AF30-702B4ADF7315}"
EndProject
Project("{FAE04EC0-301F-11D3-BF4B-00C04F79EFBC}") = "Shop.UIClassic.iOS", "Shop.UIClassic.iOS\Shop.UIClassic.iOS.csproj", "{80A96B52-6758-4BDB-B0B4-CEA4CA155C60}"
EndProject
Global
	GlobalSection(SolutionConfigurationPlatforms) = preSolution
		Ad-Hoc|Any CPU = Ad-Hoc|Any CPU
		Ad-Hoc|iPhone = Ad-Hoc|iPhone
		Ad-Hoc|iPhoneSimulator = Ad-Hoc|iPhoneSimulator
		AppStore|Any CPU = AppStore|Any CPU
		AppStore|iPhone = AppStore|iPhone
		AppStore|iPhoneSimulator = AppStore|iPhoneSimulator
		Debug|Any CPU = Debug|Any CPU
		Debug|iPhone = Debug|iPhone
		Debug|iPhoneSimulator = Debug|iPhoneSimulator
		Release|Any CPU = Release|Any CPU
		Release|iPhone = Release|iPhone
		Release|iPhoneSimulator = Release|iPhoneSimulator
	EndGlobalSection
	GlobalSection(ProjectConfigurationPlatforms) = postSolution
		{7A58A5D9-16F4-40FB-89CD-D022B06F1B29}.Ad-Hoc|Any CPU.ActiveCfg = Debug|Any CPU
		{7A58A5D9-16F4-40FB-89CD-D022B06F1B29}.Ad-Hoc|Any CPU.Build.0 = Debug|Any CPU
		{7A58A5D9-16F4-40FB-89CD-D022B06F1B29}.Ad-Hoc|iPhone.ActiveCfg = Debug|Any CPU
		{7A58A5D9-16F4-40FB-89CD-D022B06F1B29}.Ad-Hoc|iPhone.Build.0 = Debug|Any CPU
		{7A58A5D9-16F4-40FB-89CD-D022B06F1B29}.Ad-Hoc|iPhoneSimulator.ActiveCfg = Debug|Any CPU
		{7A58A5D9-16F4-40FB-89CD-D022B06F1B29}.Ad-Hoc|iPhoneSimulator.Build.0 = Debug|Any CPU
		{7A58A5D9-16F4-40FB-89CD-D022B06F1B29}.AppStore|Any CPU.ActiveCfg = Debug|Any CPU
		{7A58A5D9-16F4-40FB-89CD-D022B06F1B29}.AppStore|Any CPU.Build.0 = Debug|Any CPU
		{7A58A5D9-16F4-40FB-89CD-D022B06F1B29}.AppStore|iPhone.ActiveCfg = Debug|Any CPU
		{7A58A5D9-16F4-40FB-89CD-D022B06F1B29}.AppStore|iPhone.Build.0 = Debug|Any CPU
		{7A58A5D9-16F4-40FB-89CD-D022B06F1B29}.AppStore|iPhoneSimulator.ActiveCfg = Debug|Any CPU
		{7A58A5D9-16F4-40FB-89CD-D022B06F1B29}.AppStore|iPhoneSimulator.Build.0 = Debug|Any CPU
		{7A58A5D9-16F4-40FB-89CD-D022B06F1B29}.Debug|Any CPU.ActiveCfg = Debug|Any CPU
		{7A58A5D9-16F4-40FB-89CD-D022B06F1B29}.Debug|Any CPU.Build.0 = Debug|Any CPU
		{7A58A5D9-16F4-40FB-89CD-D022B06F1B29}.Debug|iPhone.ActiveCfg = Debug|Any CPU
		{7A58A5D9-16F4-40FB-89CD-D022B06F1B29}.Debug|iPhone.Build.0 = Debug|Any CPU
		{7A58A5D9-16F4-40FB-89CD-D022B06F1B29}.Debug|iPhoneSimulator.ActiveCfg = Debug|Any CPU
		{7A58A5D9-16F4-40FB-89CD-D022B06F1B29}.Debug|iPhoneSimulator.Build.0 = Debug|Any CPU
		{7A58A5D9-16F4-40FB-89CD-D022B06F1B29}.Release|Any CPU.ActiveCfg = Release|Any CPU
		{7A58A5D9-16F4-40FB-89CD-D022B06F1B29}.Release|Any CPU.Build.0 = Release|Any CPU
		{7A58A5D9-16F4-40FB-89CD-D022B06F1B29}.Release|iPhone.ActiveCfg = Release|Any CPU
		{7A58A5D9-16F4-40FB-89CD-D022B06F1B29}.Release|iPhone.Build.0 = Release|Any CPU
		{7A58A5D9-16F4-40FB-89CD-D022B06F1B29}.Release|iPhoneSimulator.ActiveCfg = Release|Any CPU
		{7A58A5D9-16F4-40FB-89CD-D022B06F1B29}.Release|iPhoneSimulator.Build.0 = Release|Any CPU
		{CBB95457-E019-487D-922F-B6EF9F23E864}.Ad-Hoc|Any CPU.ActiveCfg = Debug|Any CPU
		{CBB95457-E019-487D-922F-B6EF9F23E864}.Ad-Hoc|Any CPU.Build.0 = Debug|Any CPU
		{CBB95457-E019-487D-922F-B6EF9F23E864}.Ad-Hoc|iPhone.ActiveCfg = Debug|Any CPU
		{CBB95457-E019-487D-922F-B6EF9F23E864}.Ad-Hoc|iPhone.Build.0 = Debug|Any CPU
		{CBB95457-E019-487D-922F-B6EF9F23E864}.Ad-Hoc|iPhoneSimulator.ActiveCfg = Debug|Any CPU
		{CBB95457-E019-487D-922F-B6EF9F23E864}.Ad-Hoc|iPhoneSimulator.Build.0 = Debug|Any CPU
		{CBB95457-E019-487D-922F-B6EF9F23E864}.AppStore|Any CPU.ActiveCfg = Debug|Any CPU
		{CBB95457-E019-487D-922F-B6EF9F23E864}.AppStore|Any CPU.Build.0 = Debug|Any CPU
		{CBB95457-E019-487D-922F-B6EF9F23E864}.AppStore|iPhone.ActiveCfg = Debug|Any CPU
		{CBB95457-E019-487D-922F-B6EF9F23E864}.AppStore|iPhone.Build.0 = Debug|Any CPU
		{CBB95457-E019-487D-922F-B6EF9F23E864}.AppStore|iPhoneSimulator.ActiveCfg = Debug|Any CPU
		{CBB95457-E019-487D-922F-B6EF9F23E864}.AppStore|iPhoneSimulator.Build.0 = Debug|Any CPU
		{CBB95457-E019-487D-922F-B6EF9F23E864}.Debug|Any CPU.ActiveCfg = Debug|Any CPU
		{CBB95457-E019-487D-922F-B6EF9F23E864}.Debug|Any CPU.Build.0 = Debug|Any CPU
		{CBB95457-E019-487D-922F-B6EF9F23E864}.Debug|iPhone.ActiveCfg = Debug|Any CPU
		{CBB95457-E019-487D-922F-B6EF9F23E864}.Debug|iPhone.Build.0 = Debug|Any CPU
		{CBB95457-E019-487D-922F-B6EF9F23E864}.Debug|iPhoneSimulator.ActiveCfg = Debug|Any CPU
		{CBB95457-E019-487D-922F-B6EF9F23E864}.Debug|iPhoneSimulator.Build.0 = Debug|Any CPU
		{CBB95457-E019-487D-922F-B6EF9F23E864}.Release|Any CPU.ActiveCfg = Release|Any CPU
		{CBB95457-E019-487D-922F-B6EF9F23E864}.Release|Any CPU.Build.0 = Release|Any CPU
		{CBB95457-E019-487D-922F-B6EF9F23E864}.Release|iPhone.ActiveCfg = Release|Any CPU
		{CBB95457-E019-487D-922F-B6EF9F23E864}.Release|iPhone.Build.0 = Release|Any CPU
		{CBB95457-E019-487D-922F-B6EF9F23E864}.Release|iPhoneSimulator.ActiveCfg = Release|Any CPU
		{CBB95457-E019-487D-922F-B6EF9F23E864}.Release|iPhoneSimulator.Build.0 = Release|Any CPU
		{05350B75-E916-406F-B78C-1DBAF7E8D9F0}.Ad-Hoc|Any CPU.ActiveCfg = Release|Any CPU
		{05350B75-E916-406F-B78C-1DBAF7E8D9F0}.Ad-Hoc|Any CPU.Build.0 = Release|Any CPU
		{05350B75-E916-406F-B78C-1DBAF7E8D9F0}.Ad-Hoc|Any CPU.Deploy.0 = Release|Any CPU
		{05350B75-E916-406F-B78C-1DBAF7E8D9F0}.Ad-Hoc|iPhone.ActiveCfg = Release|Any CPU
		{05350B75-E916-406F-B78C-1DBAF7E8D9F0}.Ad-Hoc|iPhone.Build.0 = Release|Any CPU
		{05350B75-E916-406F-B78C-1DBAF7E8D9F0}.Ad-Hoc|iPhone.Deploy.0 = Release|Any CPU
		{05350B75-E916-406F-B78C-1DBAF7E8D9F0}.Ad-Hoc|iPhoneSimulator.ActiveCfg = Release|Any CPU
		{05350B75-E916-406F-B78C-1DBAF7E8D9F0}.Ad-Hoc|iPhoneSimulator.Build.0 = Release|Any CPU
		{05350B75-E916-406F-B78C-1DBAF7E8D9F0}.Ad-Hoc|iPhoneSimulator.Deploy.0 = Release|Any CPU
		{05350B75-E916-406F-B78C-1DBAF7E8D9F0}.AppStore|Any CPU.ActiveCfg = Release|Any CPU
		{05350B75-E916-406F-B78C-1DBAF7E8D9F0}.AppStore|Any CPU.Build.0 = Release|Any CPU
		{05350B75-E916-406F-B78C-1DBAF7E8D9F0}.AppStore|Any CPU.Deploy.0 = Release|Any CPU
		{05350B75-E916-406F-B78C-1DBAF7E8D9F0}.AppStore|iPhone.ActiveCfg = Release|Any CPU
		{05350B75-E916-406F-B78C-1DBAF7E8D9F0}.AppStore|iPhone.Build.0 = Release|Any CPU
		{05350B75-E916-406F-B78C-1DBAF7E8D9F0}.AppStore|iPhone.Deploy.0 = Release|Any CPU
		{05350B75-E916-406F-B78C-1DBAF7E8D9F0}.AppStore|iPhoneSimulator.ActiveCfg = Release|Any CPU
		{05350B75-E916-406F-B78C-1DBAF7E8D9F0}.AppStore|iPhoneSimulator.Build.0 = Release|Any CPU
		{05350B75-E916-406F-B78C-1DBAF7E8D9F0}.AppStore|iPhoneSimulator.Deploy.0 = Release|Any CPU
		{05350B75-E916-406F-B78C-1DBAF7E8D9F0}.Debug|Any CPU.ActiveCfg = Debug|Any CPU
		{05350B75-E916-406F-B78C-1DBAF7E8D9F0}.Debug|Any CPU.Build.0 = Debug|Any CPU
		{05350B75-E916-406F-B78C-1DBAF7E8D9F0}.Debug|Any CPU.Deploy.0 = Debug|Any CPU
		{05350B75-E916-406F-B78C-1DBAF7E8D9F0}.Debug|iPhone.ActiveCfg = Debug|Any CPU
		{05350B75-E916-406F-B78C-1DBAF7E8D9F0}.Debug|iPhone.Build.0 = Debug|Any CPU
		{05350B75-E916-406F-B78C-1DBAF7E8D9F0}.Debug|iPhone.Deploy.0 = Debug|Any CPU
		{05350B75-E916-406F-B78C-1DBAF7E8D9F0}.Debug|iPhoneSimulator.ActiveCfg = Debug|Any CPU
		{05350B75-E916-406F-B78C-1DBAF7E8D9F0}.Debug|iPhoneSimulator.Build.0 = Debug|Any CPU
		{05350B75-E916-406F-B78C-1DBAF7E8D9F0}.Debug|iPhoneSimulator.Deploy.0 = Debug|Any CPU
		{05350B75-E916-406F-B78C-1DBAF7E8D9F0}.Release|Any CPU.ActiveCfg = Release|Any CPU
		{05350B75-E916-406F-B78C-1DBAF7E8D9F0}.Release|Any CPU.Build.0 = Release|Any CPU
		{05350B75-E916-406F-B78C-1DBAF7E8D9F0}.Release|Any CPU.Deploy.0 = Release|Any CPU
		{05350B75-E916-406F-B78C-1DBAF7E8D9F0}.Release|iPhone.ActiveCfg = Release|Any CPU
		{05350B75-E916-406F-B78C-1DBAF7E8D9F0}.Release|iPhone.Build.0 = Release|Any CPU
		{05350B75-E916-406F-B78C-1DBAF7E8D9F0}.Release|iPhone.Deploy.0 = Release|Any CPU
		{05350B75-E916-406F-B78C-1DBAF7E8D9F0}.Release|iPhoneSimulator.ActiveCfg = Release|Any CPU
		{05350B75-E916-406F-B78C-1DBAF7E8D9F0}.Release|iPhoneSimulator.Build.0 = Release|Any CPU
		{05350B75-E916-406F-B78C-1DBAF7E8D9F0}.Release|iPhoneSimulator.Deploy.0 = Release|Any CPU
		{F5C26D86-2D1C-4189-BCA4-7CDADBABCAFE}.Ad-Hoc|Any CPU.ActiveCfg = Ad-Hoc|iPhone
		{F5C26D86-2D1C-4189-BCA4-7CDADBABCAFE}.Ad-Hoc|iPhone.ActiveCfg = Ad-Hoc|iPhone
		{F5C26D86-2D1C-4189-BCA4-7CDADBABCAFE}.Ad-Hoc|iPhone.Build.0 = Ad-Hoc|iPhone
		{F5C26D86-2D1C-4189-BCA4-7CDADBABCAFE}.Ad-Hoc|iPhoneSimulator.ActiveCfg = Ad-Hoc|iPhoneSimulator
		{F5C26D86-2D1C-4189-BCA4-7CDADBABCAFE}.Ad-Hoc|iPhoneSimulator.Build.0 = Ad-Hoc|iPhoneSimulator
		{F5C26D86-2D1C-4189-BCA4-7CDADBABCAFE}.AppStore|Any CPU.ActiveCfg = AppStore|iPhone
		{F5C26D86-2D1C-4189-BCA4-7CDADBABCAFE}.AppStore|iPhone.ActiveCfg = AppStore|iPhone
		{F5C26D86-2D1C-4189-BCA4-7CDADBABCAFE}.AppStore|iPhone.Build.0 = AppStore|iPhone
		{F5C26D86-2D1C-4189-BCA4-7CDADBABCAFE}.AppStore|iPhoneSimulator.ActiveCfg = AppStore|iPhoneSimulator
		{F5C26D86-2D1C-4189-BCA4-7CDADBABCAFE}.AppStore|iPhoneSimulator.Build.0 = AppStore|iPhoneSimulator
		{F5C26D86-2D1C-4189-BCA4-7CDADBABCAFE}.Debug|Any CPU.ActiveCfg = Debug|iPhone
		{F5C26D86-2D1C-4189-BCA4-7CDADBABCAFE}.Debug|iPhone.ActiveCfg = Debug|iPhone
		{F5C26D86-2D1C-4189-BCA4-7CDADBABCAFE}.Debug|iPhone.Build.0 = Debug|iPhone
		{F5C26D86-2D1C-4189-BCA4-7CDADBABCAFE}.Debug|iPhoneSimulator.ActiveCfg = Debug|iPhoneSimulator
		{F5C26D86-2D1C-4189-BCA4-7CDADBABCAFE}.Debug|iPhoneSimulator.Build.0 = Debug|iPhoneSimulator
		{F5C26D86-2D1C-4189-BCA4-7CDADBABCAFE}.Release|Any CPU.ActiveCfg = Release|iPhone
		{F5C26D86-2D1C-4189-BCA4-7CDADBABCAFE}.Release|iPhone.ActiveCfg = Release|iPhone
		{F5C26D86-2D1C-4189-BCA4-7CDADBABCAFE}.Release|iPhone.Build.0 = Release|iPhone
		{F5C26D86-2D1C-4189-BCA4-7CDADBABCAFE}.Release|iPhoneSimulator.ActiveCfg = Release|iPhoneSimulator
		{F5C26D86-2D1C-4189-BCA4-7CDADBABCAFE}.Release|iPhoneSimulator.Build.0 = Release|iPhoneSimulator
		{07DA452F-4C4A-4D0F-842A-FBD4EE220635}.Ad-Hoc|Any CPU.ActiveCfg = Debug|Any CPU
		{07DA452F-4C4A-4D0F-842A-FBD4EE220635}.Ad-Hoc|Any CPU.Build.0 = Debug|Any CPU
		{07DA452F-4C4A-4D0F-842A-FBD4EE220635}.Ad-Hoc|iPhone.ActiveCfg = Debug|Any CPU
		{07DA452F-4C4A-4D0F-842A-FBD4EE220635}.Ad-Hoc|iPhone.Build.0 = Debug|Any CPU
		{07DA452F-4C4A-4D0F-842A-FBD4EE220635}.Ad-Hoc|iPhoneSimulator.ActiveCfg = Debug|Any CPU
		{07DA452F-4C4A-4D0F-842A-FBD4EE220635}.Ad-Hoc|iPhoneSimulator.Build.0 = Debug|Any CPU
		{07DA452F-4C4A-4D0F-842A-FBD4EE220635}.AppStore|Any CPU.ActiveCfg = Debug|Any CPU
		{07DA452F-4C4A-4D0F-842A-FBD4EE220635}.AppStore|Any CPU.Build.0 = Debug|Any CPU
		{07DA452F-4C4A-4D0F-842A-FBD4EE220635}.AppStore|iPhone.ActiveCfg = Debug|Any CPU
		{07DA452F-4C4A-4D0F-842A-FBD4EE220635}.AppStore|iPhone.Build.0 = Debug|Any CPU
		{07DA452F-4C4A-4D0F-842A-FBD4EE220635}.AppStore|iPhoneSimulator.ActiveCfg = Debug|Any CPU
		{07DA452F-4C4A-4D0F-842A-FBD4EE220635}.AppStore|iPhoneSimulator.Build.0 = Debug|Any CPU
		{07DA452F-4C4A-4D0F-842A-FBD4EE220635}.Debug|Any CPU.ActiveCfg = Debug|Any CPU
		{07DA452F-4C4A-4D0F-842A-FBD4EE220635}.Debug|Any CPU.Build.0 = Debug|Any CPU
		{07DA452F-4C4A-4D0F-842A-FBD4EE220635}.Debug|iPhone.ActiveCfg = Debug|Any CPU
		{07DA452F-4C4A-4D0F-842A-FBD4EE220635}.Debug|iPhone.Build.0 = Debug|Any CPU
		{07DA452F-4C4A-4D0F-842A-FBD4EE220635}.Debug|iPhoneSimulator.ActiveCfg = Debug|Any CPU
		{07DA452F-4C4A-4D0F-842A-FBD4EE220635}.Debug|iPhoneSimulator.Build.0 = Debug|Any CPU
		{07DA452F-4C4A-4D0F-842A-FBD4EE220635}.Release|Any CPU.ActiveCfg = Release|Any CPU
		{07DA452F-4C4A-4D0F-842A-FBD4EE220635}.Release|Any CPU.Build.0 = Release|Any CPU
		{07DA452F-4C4A-4D0F-842A-FBD4EE220635}.Release|iPhone.ActiveCfg = Release|Any CPU
		{07DA452F-4C4A-4D0F-842A-FBD4EE220635}.Release|iPhone.Build.0 = Release|Any CPU
		{07DA452F-4C4A-4D0F-842A-FBD4EE220635}.Release|iPhoneSimulator.ActiveCfg = Release|Any CPU
		{07DA452F-4C4A-4D0F-842A-FBD4EE220635}.Release|iPhoneSimulator.Build.0 = Release|Any CPU
		{BB7E4CC4-09BA-4B77-B313-18DD6DCDC0B2}.Ad-Hoc|Any CPU.ActiveCfg = Debug|Any CPU
		{BB7E4CC4-09BA-4B77-B313-18DD6DCDC0B2}.Ad-Hoc|Any CPU.Build.0 = Debug|Any CPU
		{BB7E4CC4-09BA-4B77-B313-18DD6DCDC0B2}.Ad-Hoc|iPhone.ActiveCfg = Debug|Any CPU
		{BB7E4CC4-09BA-4B77-B313-18DD6DCDC0B2}.Ad-Hoc|iPhone.Build.0 = Debug|Any CPU
		{BB7E4CC4-09BA-4B77-B313-18DD6DCDC0B2}.Ad-Hoc|iPhoneSimulator.ActiveCfg = Debug|Any CPU
		{BB7E4CC4-09BA-4B77-B313-18DD6DCDC0B2}.Ad-Hoc|iPhoneSimulator.Build.0 = Debug|Any CPU
		{BB7E4CC4-09BA-4B77-B313-18DD6DCDC0B2}.AppStore|Any CPU.ActiveCfg = Debug|Any CPU
		{BB7E4CC4-09BA-4B77-B313-18DD6DCDC0B2}.AppStore|Any CPU.Build.0 = Debug|Any CPU
		{BB7E4CC4-09BA-4B77-B313-18DD6DCDC0B2}.AppStore|iPhone.ActiveCfg = Debug|Any CPU
		{BB7E4CC4-09BA-4B77-B313-18DD6DCDC0B2}.AppStore|iPhone.Build.0 = Debug|Any CPU
		{BB7E4CC4-09BA-4B77-B313-18DD6DCDC0B2}.AppStore|iPhoneSimulator.ActiveCfg = Debug|Any CPU
		{BB7E4CC4-09BA-4B77-B313-18DD6DCDC0B2}.AppStore|iPhoneSimulator.Build.0 = Debug|Any CPU
		{BB7E4CC4-09BA-4B77-B313-18DD6DCDC0B2}.Debug|Any CPU.ActiveCfg = Debug|Any CPU
		{BB7E4CC4-09BA-4B77-B313-18DD6DCDC0B2}.Debug|Any CPU.Build.0 = Debug|Any CPU
		{BB7E4CC4-09BA-4B77-B313-18DD6DCDC0B2}.Debug|iPhone.ActiveCfg = Debug|Any CPU
		{BB7E4CC4-09BA-4B77-B313-18DD6DCDC0B2}.Debug|iPhone.Build.0 = Debug|Any CPU
		{BB7E4CC4-09BA-4B77-B313-18DD6DCDC0B2}.Debug|iPhoneSimulator.ActiveCfg = Debug|Any CPU
		{BB7E4CC4-09BA-4B77-B313-18DD6DCDC0B2}.Debug|iPhoneSimulator.Build.0 = Debug|Any CPU
		{BB7E4CC4-09BA-4B77-B313-18DD6DCDC0B2}.Release|Any CPU.ActiveCfg = Release|Any CPU
		{BB7E4CC4-09BA-4B77-B313-18DD6DCDC0B2}.Release|Any CPU.Build.0 = Release|Any CPU
		{BB7E4CC4-09BA-4B77-B313-18DD6DCDC0B2}.Release|iPhone.ActiveCfg = Release|Any CPU
		{BB7E4CC4-09BA-4B77-B313-18DD6DCDC0B2}.Release|iPhone.Build.0 = Release|Any CPU
		{BB7E4CC4-09BA-4B77-B313-18DD6DCDC0B2}.Release|iPhoneSimulator.ActiveCfg = Release|Any CPU
		{BB7E4CC4-09BA-4B77-B313-18DD6DCDC0B2}.Release|iPhoneSimulator.Build.0 = Release|Any CPU
		{AD59FC40-EDC9-424F-AF30-702B4ADF7315}.Ad-Hoc|Any CPU.ActiveCfg = Release|Any CPU
		{AD59FC40-EDC9-424F-AF30-702B4ADF7315}.Ad-Hoc|Any CPU.Build.0 = Release|Any CPU
		{AD59FC40-EDC9-424F-AF30-702B4ADF7315}.Ad-Hoc|Any CPU.Deploy.0 = Release|Any CPU
		{AD59FC40-EDC9-424F-AF30-702B4ADF7315}.Ad-Hoc|iPhone.ActiveCfg = Release|Any CPU
		{AD59FC40-EDC9-424F-AF30-702B4ADF7315}.Ad-Hoc|iPhone.Build.0 = Release|Any CPU
		{AD59FC40-EDC9-424F-AF30-702B4ADF7315}.Ad-Hoc|iPhone.Deploy.0 = Release|Any CPU
		{AD59FC40-EDC9-424F-AF30-702B4ADF7315}.Ad-Hoc|iPhoneSimulator.ActiveCfg = Release|Any CPU
		{AD59FC40-EDC9-424F-AF30-702B4ADF7315}.Ad-Hoc|iPhoneSimulator.Build.0 = Release|Any CPU
		{AD59FC40-EDC9-424F-AF30-702B4ADF7315}.Ad-Hoc|iPhoneSimulator.Deploy.0 = Release|Any CPU
		{AD59FC40-EDC9-424F-AF30-702B4ADF7315}.AppStore|Any CPU.ActiveCfg = Release|Any CPU
		{AD59FC40-EDC9-424F-AF30-702B4ADF7315}.AppStore|Any CPU.Build.0 = Release|Any CPU
		{AD59FC40-EDC9-424F-AF30-702B4ADF7315}.AppStore|Any CPU.Deploy.0 = Release|Any CPU
		{AD59FC40-EDC9-424F-AF30-702B4ADF7315}.AppStore|iPhone.ActiveCfg = Release|Any CPU
		{AD59FC40-EDC9-424F-AF30-702B4ADF7315}.AppStore|iPhone.Build.0 = Release|Any CPU
		{AD59FC40-EDC9-424F-AF30-702B4ADF7315}.AppStore|iPhone.Deploy.0 = Release|Any CPU
		{AD59FC40-EDC9-424F-AF30-702B4ADF7315}.AppStore|iPhoneSimulator.ActiveCfg = Release|Any CPU
		{AD59FC40-EDC9-424F-AF30-702B4ADF7315}.AppStore|iPhoneSimulator.Build.0 = Release|Any CPU
		{AD59FC40-EDC9-424F-AF30-702B4ADF7315}.AppStore|iPhoneSimulator.Deploy.0 = Release|Any CPU
		{AD59FC40-EDC9-424F-AF30-702B4ADF7315}.Debug|Any CPU.ActiveCfg = Debug|Any CPU
		{AD59FC40-EDC9-424F-AF30-702B4ADF7315}.Debug|Any CPU.Build.0 = Debug|Any CPU
		{AD59FC40-EDC9-424F-AF30-702B4ADF7315}.Debug|Any CPU.Deploy.0 = Debug|Any CPU
		{AD59FC40-EDC9-424F-AF30-702B4ADF7315}.Debug|iPhone.ActiveCfg = Debug|Any CPU
		{AD59FC40-EDC9-424F-AF30-702B4ADF7315}.Debug|iPhone.Build.0 = Debug|Any CPU
		{AD59FC40-EDC9-424F-AF30-702B4ADF7315}.Debug|iPhone.Deploy.0 = Debug|Any CPU
		{AD59FC40-EDC9-424F-AF30-702B4ADF7315}.Debug|iPhoneSimulator.ActiveCfg = Debug|Any CPU
		{AD59FC40-EDC9-424F-AF30-702B4ADF7315}.Debug|iPhoneSimulator.Build.0 = Debug|Any CPU
		{AD59FC40-EDC9-424F-AF30-702B4ADF7315}.Debug|iPhoneSimulator.Deploy.0 = Debug|Any CPU
		{AD59FC40-EDC9-424F-AF30-702B4ADF7315}.Release|Any CPU.ActiveCfg = Release|Any CPU
		{AD59FC40-EDC9-424F-AF30-702B4ADF7315}.Release|Any CPU.Build.0 = Release|Any CPU
		{AD59FC40-EDC9-424F-AF30-702B4ADF7315}.Release|Any CPU.Deploy.0 = Release|Any CPU
		{AD59FC40-EDC9-424F-AF30-702B4ADF7315}.Release|iPhone.ActiveCfg = Release|Any CPU
		{AD59FC40-EDC9-424F-AF30-702B4ADF7315}.Release|iPhone.Build.0 = Release|Any CPU
		{AD59FC40-EDC9-424F-AF30-702B4ADF7315}.Release|iPhone.Deploy.0 = Release|Any CPU
		{AD59FC40-EDC9-424F-AF30-702B4ADF7315}.Release|iPhoneSimulator.ActiveCfg = Release|Any CPU
		{AD59FC40-EDC9-424F-AF30-702B4ADF7315}.Release|iPhoneSimulator.Build.0 = Release|Any CPU
		{AD59FC40-EDC9-424F-AF30-702B4ADF7315}.Release|iPhoneSimulator.Deploy.0 = Release|Any CPU
		{80A96B52-6758-4BDB-B0B4-CEA4CA155C60}.Ad-Hoc|Any CPU.ActiveCfg = Release|iPhone
		{80A96B52-6758-4BDB-B0B4-CEA4CA155C60}.Ad-Hoc|Any CPU.Build.0 = Release|iPhone
		{80A96B52-6758-4BDB-B0B4-CEA4CA155C60}.Ad-Hoc|iPhone.ActiveCfg = Release|iPhone
		{80A96B52-6758-4BDB-B0B4-CEA4CA155C60}.Ad-Hoc|iPhone.Build.0 = Release|iPhone
		{80A96B52-6758-4BDB-B0B4-CEA4CA155C60}.Ad-Hoc|iPhoneSimulator.ActiveCfg = Release|iPhoneSimulator
		{80A96B52-6758-4BDB-B0B4-CEA4CA155C60}.Ad-Hoc|iPhoneSimulator.Build.0 = Release|iPhoneSimulator
		{80A96B52-6758-4BDB-B0B4-CEA4CA155C60}.AppStore|Any CPU.ActiveCfg = Release|iPhone
		{80A96B52-6758-4BDB-B0B4-CEA4CA155C60}.AppStore|Any CPU.Build.0 = Release|iPhone
		{80A96B52-6758-4BDB-B0B4-CEA4CA155C60}.AppStore|iPhone.ActiveCfg = Release|iPhone
		{80A96B52-6758-4BDB-B0B4-CEA4CA155C60}.AppStore|iPhone.Build.0 = Release|iPhone
		{80A96B52-6758-4BDB-B0B4-CEA4CA155C60}.AppStore|iPhoneSimulator.ActiveCfg = Release|iPhoneSimulator
		{80A96B52-6758-4BDB-B0B4-CEA4CA155C60}.AppStore|iPhoneSimulator.Build.0 = Release|iPhoneSimulator
		{80A96B52-6758-4BDB-B0B4-CEA4CA155C60}.Debug|Any CPU.ActiveCfg = Debug|iPhone
		{80A96B52-6758-4BDB-B0B4-CEA4CA155C60}.Debug|iPhone.ActiveCfg = Debug|iPhone
		{80A96B52-6758-4BDB-B0B4-CEA4CA155C60}.Debug|iPhone.Build.0 = Debug|iPhone
		{80A96B52-6758-4BDB-B0B4-CEA4CA155C60}.Debug|iPhoneSimulator.ActiveCfg = Debug|iPhoneSimulator
		{80A96B52-6758-4BDB-B0B4-CEA4CA155C60}.Debug|iPhoneSimulator.Build.0 = Debug|iPhoneSimulator
		{80A96B52-6758-4BDB-B0B4-CEA4CA155C60}.Release|Any CPU.ActiveCfg = Release|iPhone
		{80A96B52-6758-4BDB-B0B4-CEA4CA155C60}.Release|iPhone.ActiveCfg = Release|iPhone
		{80A96B52-6758-4BDB-B0B4-CEA4CA155C60}.Release|iPhone.Build.0 = Release|iPhone
		{80A96B52-6758-4BDB-B0B4-CEA4CA155C60}.Release|iPhoneSimulator.ActiveCfg = Release|iPhoneSimulator
		{80A96B52-6758-4BDB-B0B4-CEA4CA155C60}.Release|iPhoneSimulator.Build.0 = Release|iPhoneSimulator
	EndGlobalSection
	GlobalSection(SolutionProperties) = preSolution
		HideSolutionNode = FALSE
	EndGlobalSection
	GlobalSection(NestedProjects) = preSolution
		{CBB95457-E019-487D-922F-B6EF9F23E864} = {7F87A634-10EE-46F9-8F94-1885805D46EA}
		{F442BCE6-8B0F-41AB-AB1D-2496FD2B23EB} = {DDAA260D-89B3-4AE6-BDA7-C18A3B1C4CC8}
		{31D5F2A7-0F15-47B4-BCDF-6B4A9DB9CBC2} = {DDAA260D-89B3-4AE6-BDA7-C18A3B1C4CC8}
		{05350B75-E916-406F-B78C-1DBAF7E8D9F0} = {F442BCE6-8B0F-41AB-AB1D-2496FD2B23EB}
		{F5C26D86-2D1C-4189-BCA4-7CDADBABCAFE} = {F442BCE6-8B0F-41AB-AB1D-2496FD2B23EB}
		{07DA452F-4C4A-4D0F-842A-FBD4EE220635} = {F442BCE6-8B0F-41AB-AB1D-2496FD2B23EB}
		{BB7E4CC4-09BA-4B77-B313-18DD6DCDC0B2} = {31D5F2A7-0F15-47B4-BCDF-6B4A9DB9CBC2}
		{AD59FC40-EDC9-424F-AF30-702B4ADF7315} = {31D5F2A7-0F15-47B4-BCDF-6B4A9DB9CBC2}
		{80A96B52-6758-4BDB-B0B4-CEA4CA155C60} = {31D5F2A7-0F15-47B4-BCDF-6B4A9DB9CBC2}
	EndGlobalSection
	GlobalSection(ExtensibilityGlobals) = postSolution
		SolutionGuid = {FEC90B14-9B68-4D8B-9E47-AF1BE52DAD47}
	EndGlobalSection
EndGlobal
